// !$*UTF8*$!
{
	archiveVersion = 1;
	classes = {
	};
	objectVersion = 46;
	objects = {

/* Begin PBXBuildFile section */
		3F4FB0501EDCE28A0003F048 /* ShowEntrepriseViewController.swift in Sources */ = {isa = PBXBuildFile; fileRef = 3F4FB04F1EDCE28A0003F048 /* ShowEntrepriseViewController.swift */; };
		3F6E1C401E6F2EA2007EE65C /* DSEleves.swift in Sources */ = {isa = PBXBuildFile; fileRef = 3F6E1C3F1E6F2EA2007EE65C /* DSEleves.swift */; };
		3F6E1C421E6F2ECC007EE65C /* DSEntreprises.swift in Sources */ = {isa = PBXBuildFile; fileRef = 3F6E1C411E6F2ECC007EE65C /* DSEntreprises.swift */; };
		3F6E1C471E6F2F19007EE65C /* DataSourceProtocol.swift in Sources */ = {isa = PBXBuildFile; fileRef = 3F6E1C461E6F2F19007EE65C /* DataSourceProtocol.swift */; };
		3F9E5D811E6D933300FE67BB /* AppDelegate.swift in Sources */ = {isa = PBXBuildFile; fileRef = 3F9E5D801E6D933300FE67BB /* AppDelegate.swift */; };
		3F9E5D831E6D933300FE67BB /* TableViewController.swift in Sources */ = {isa = PBXBuildFile; fileRef = 3F9E5D821E6D933300FE67BB /* TableViewController.swift */; };
		3F9E5D861E6D933300FE67BB /* Main.storyboard in Resources */ = {isa = PBXBuildFile; fileRef = 3F9E5D841E6D933300FE67BB /* Main.storyboard */; };
		3F9E5D881E6D933300FE67BB /* Assets.xcassets in Resources */ = {isa = PBXBuildFile; fileRef = 3F9E5D871E6D933300FE67BB /* Assets.xcassets */; };
		3F9E5D8B1E6D933300FE67BB /* LaunchScreen.storyboard in Resources */ = {isa = PBXBuildFile; fileRef = 3F9E5D891E6D933300FE67BB /* LaunchScreen.storyboard */; };
		3F9E5D931E6D935600FE67BB /* Eleve.swift in Sources */ = {isa = PBXBuildFile; fileRef = 3F9E5D921E6D935600FE67BB /* Eleve.swift */; };
		3F9E5D961E6D939A00FE67BB /* Entreprise.swift in Sources */ = {isa = PBXBuildFile; fileRef = 3F9E5D951E6D939A00FE67BB /* Entreprise.swift */; };
		3F9E5D981E6D93AB00FE67BB /* Promotion.swift in Sources */ = {isa = PBXBuildFile; fileRef = 3F9E5D971E6D93AB00FE67BB /* Promotion.swift */; };
		3FA8238B1E97E6630087F5E9 /* SwiftyJSON.framework in Frameworks */ = {isa = PBXBuildFile; fileRef = 3FA8238A1E97E6630087F5E9 /* SwiftyJSON.framework */; };
		3FA8238C1E97E6630087F5E9 /* SwiftyJSON.framework in Embed Frameworks */ = {isa = PBXBuildFile; fileRef = 3FA8238A1E97E6630087F5E9 /* SwiftyJSON.framework */; settings = {ATTRIBUTES = (CodeSignOnCopy, RemoveHeadersOnCopy, ); }; };
		3FA823901EB3AE940087F5E9 /* EntrepriseDetailTableViewController.swift in Sources */ = {isa = PBXBuildFile; fileRef = 3FA8238F1EB3AE940087F5E9 /* EntrepriseDetailTableViewController.swift */; };
		3FA823CE1EBE53500087F5E9 /* EleveDetailTableViewController.swift in Sources */ = {isa = PBXBuildFile; fileRef = 3FA823CD1EBE53500087F5E9 /* EleveDetailTableViewController.swift */; };
		3FFE564C1E768E3600F00166 /* ShowEleveViewController.swift in Sources */ = {isa = PBXBuildFile; fileRef = 3FFE564B1E768E3600F00166 /* ShowEleveViewController.swift */; };
		770B22521EDC06B20042712C /* CustomTabBarController.swift in Sources */ = {isa = PBXBuildFile; fileRef = 770B22501EDC06B20042712C /* CustomTabBarController.swift */; };
		77EAF0F41EC1997300E016B2 /* GoogleService-Info.plist in Resources */ = {isa = PBXBuildFile; fileRef = 77EAF0F31EC1997300E016B2 /* GoogleService-Info.plist */; };
		77EAF0F61EC19A5700E016B2 /* LoginViewController.swift in Sources */ = {isa = PBXBuildFile; fileRef = 77EAF0F51EC19A5700E016B2 /* LoginViewController.swift */; };
		77EAF0FC1EC1C3CF00E016B2 /* Annuaire des anciens-Bridging-Header.h in Sources */ = {isa = PBXBuildFile; fileRef = 77EAF0F91EC19C0700E016B2 /* Annuaire des anciens-Bridging-Header.h */; };
		9D3F33B9B2789106BEA85E68 /* Pods_Annuaire_des_anciens.framework in Frameworks */ = {isa = PBXBuildFile; fileRef = 8D3C19C4B7BFF4F0C8B73AAF /* Pods_Annuaire_des_anciens.framework */; };
/* End PBXBuildFile section */

/* Begin PBXCopyFilesBuildPhase section */
		3F9144301E6F206E00E89CAA /* Embed Frameworks */ = {
			isa = PBXCopyFilesBuildPhase;
			buildActionMask = 2147483647;
			dstPath = "";
			dstSubfolderSpec = 10;
			files = (
				3FA8238C1E97E6630087F5E9 /* SwiftyJSON.framework in Embed Frameworks */,
			);
			name = "Embed Frameworks";
			runOnlyForDeploymentPostprocessing = 0;
		};
/* End PBXCopyFilesBuildPhase section */

/* Begin PBXFileReference section */
		3E49C50534DEE091AC423196 /* Pods-Annuaire des anciens.release.xcconfig */ = {isa = PBXFileReference; includeInIndex = 1; lastKnownFileType = text.xcconfig; name = "Pods-Annuaire des anciens.release.xcconfig"; path = "Pods/Target Support Files/Pods-Annuaire des anciens/Pods-Annuaire des anciens.release.xcconfig"; sourceTree = "<group>"; };
		3F4FB04F1EDCE28A0003F048 /* ShowEntrepriseViewController.swift */ = {isa = PBXFileReference; fileEncoding = 4; lastKnownFileType = sourcecode.swift; path = ShowEntrepriseViewController.swift; sourceTree = "<group>"; };
		3F6E1C3F1E6F2EA2007EE65C /* DSEleves.swift */ = {isa = PBXFileReference; fileEncoding = 4; lastKnownFileType = sourcecode.swift; path = DSEleves.swift; sourceTree = "<group>"; };
		3F6E1C411E6F2ECC007EE65C /* DSEntreprises.swift */ = {isa = PBXFileReference; fileEncoding = 4; lastKnownFileType = sourcecode.swift; path = DSEntreprises.swift; sourceTree = "<group>"; };
		3F6E1C461E6F2F19007EE65C /* DataSourceProtocol.swift */ = {isa = PBXFileReference; fileEncoding = 4; lastKnownFileType = sourcecode.swift; path = DataSourceProtocol.swift; sourceTree = "<group>"; };
		3F9E5D7D1E6D933300FE67BB /* Annuaire des anciens.app */ = {isa = PBXFileReference; explicitFileType = wrapper.application; includeInIndex = 0; path = "Annuaire des anciens.app"; sourceTree = BUILT_PRODUCTS_DIR; };
		3F9E5D801E6D933300FE67BB /* AppDelegate.swift */ = {isa = PBXFileReference; lastKnownFileType = sourcecode.swift; path = AppDelegate.swift; sourceTree = "<group>"; };
		3F9E5D821E6D933300FE67BB /* TableViewController.swift */ = {isa = PBXFileReference; lastKnownFileType = sourcecode.swift; path = TableViewController.swift; sourceTree = "<group>"; };
		3F9E5D851E6D933300FE67BB /* Base */ = {isa = PBXFileReference; lastKnownFileType = file.storyboard; name = Base; path = Base.lproj/Main.storyboard; sourceTree = "<group>"; };
		3F9E5D871E6D933300FE67BB /* Assets.xcassets */ = {isa = PBXFileReference; lastKnownFileType = folder.assetcatalog; path = Assets.xcassets; sourceTree = "<group>"; };
		3F9E5D8A1E6D933300FE67BB /* Base */ = {isa = PBXFileReference; lastKnownFileType = file.storyboard; name = Base; path = Base.lproj/LaunchScreen.storyboard; sourceTree = "<group>"; };
		3F9E5D8C1E6D933300FE67BB /* Info.plist */ = {isa = PBXFileReference; lastKnownFileType = text.plist.xml; path = Info.plist; sourceTree = "<group>"; };
		3F9E5D921E6D935600FE67BB /* Eleve.swift */ = {isa = PBXFileReference; fileEncoding = 4; lastKnownFileType = sourcecode.swift; path = Eleve.swift; sourceTree = "<group>"; };
		3F9E5D951E6D939A00FE67BB /* Entreprise.swift */ = {isa = PBXFileReference; fileEncoding = 4; lastKnownFileType = sourcecode.swift; path = Entreprise.swift; sourceTree = "<group>"; };
		3F9E5D971E6D93AB00FE67BB /* Promotion.swift */ = {isa = PBXFileReference; fileEncoding = 4; lastKnownFileType = sourcecode.swift; path = Promotion.swift; sourceTree = "<group>"; };
		3FA8238A1E97E6630087F5E9 /* SwiftyJSON.framework */ = {isa = PBXFileReference; lastKnownFileType = wrapper.framework; name = SwiftyJSON.framework; path = Carthage/Build/iOS/SwiftyJSON.framework; sourceTree = "<group>"; };
		3FA8238F1EB3AE940087F5E9 /* EntrepriseDetailTableViewController.swift */ = {isa = PBXFileReference; fileEncoding = 4; lastKnownFileType = sourcecode.swift; path = EntrepriseDetailTableViewController.swift; sourceTree = "<group>"; };
		3FA823CD1EBE53500087F5E9 /* EleveDetailTableViewController.swift */ = {isa = PBXFileReference; fileEncoding = 4; lastKnownFileType = sourcecode.swift; path = EleveDetailTableViewController.swift; sourceTree = "<group>"; };
		3FFE564B1E768E3600F00166 /* ShowEleveViewController.swift */ = {isa = PBXFileReference; fileEncoding = 4; lastKnownFileType = sourcecode.swift; path = ShowEleveViewController.swift; sourceTree = "<group>"; };
		770B22501EDC06B20042712C /* CustomTabBarController.swift */ = {isa = PBXFileReference; fileEncoding = 4; lastKnownFileType = sourcecode.swift; path = CustomTabBarController.swift; sourceTree = "<group>"; };
		77EAF0F31EC1997300E016B2 /* GoogleService-Info.plist */ = {isa = PBXFileReference; fileEncoding = 4; lastKnownFileType = text.plist.xml; path = "GoogleService-Info.plist"; sourceTree = "<group>"; };
		77EAF0F51EC19A5700E016B2 /* LoginViewController.swift */ = {isa = PBXFileReference; fileEncoding = 4; lastKnownFileType = sourcecode.swift; path = LoginViewController.swift; sourceTree = "<group>"; };
		77EAF0F91EC19C0700E016B2 /* Annuaire des anciens-Bridging-Header.h */ = {isa = PBXFileReference; lastKnownFileType = sourcecode.c.h; path = "Annuaire des anciens-Bridging-Header.h"; sourceTree = "<group>"; };
		8D3C19C4B7BFF4F0C8B73AAF /* Pods_Annuaire_des_anciens.framework */ = {isa = PBXFileReference; explicitFileType = wrapper.framework; includeInIndex = 0; path = Pods_Annuaire_des_anciens.framework; sourceTree = BUILT_PRODUCTS_DIR; };
		98289C6457D37677709E2A9B /* Pods-Annuaire des anciens.debug.xcconfig */ = {isa = PBXFileReference; includeInIndex = 1; lastKnownFileType = text.xcconfig; name = "Pods-Annuaire des anciens.debug.xcconfig"; path = "Pods/Target Support Files/Pods-Annuaire des anciens/Pods-Annuaire des anciens.debug.xcconfig"; sourceTree = "<group>"; };
/* End PBXFileReference section */

/* Begin PBXFrameworksBuildPhase section */
		3F9E5D7A1E6D933300FE67BB /* Frameworks */ = {
			isa = PBXFrameworksBuildPhase;
			buildActionMask = 2147483647;
			files = (
				3FA8238B1E97E6630087F5E9 /* SwiftyJSON.framework in Frameworks */,
				9D3F33B9B2789106BEA85E68 /* Pods_Annuaire_des_anciens.framework in Frameworks */,
			);
			runOnlyForDeploymentPostprocessing = 0;
		};
/* End PBXFrameworksBuildPhase section */

/* Begin PBXGroup section */
		3F6E1C3E1E6F2E5D007EE65C /* DataSources */ = {
			isa = PBXGroup;
			children = (
				3F6E1C3F1E6F2EA2007EE65C /* DSEleves.swift */,
				3F6E1C411E6F2ECC007EE65C /* DSEntreprises.swift */,
			);
			name = DataSources;
			sourceTree = "<group>";
		};
		3F6E1C451E6F2EFD007EE65C /* Protocols */ = {
			isa = PBXGroup;
			children = (
				3F6E1C461E6F2F19007EE65C /* DataSourceProtocol.swift */,
			);
			name = Protocols;
			sourceTree = "<group>";
		};
		3F6E1C781E6F34FD007EE65C /* ViewControler */ = {
			isa = PBXGroup;
			children = (
				770B22501EDC06B20042712C /* CustomTabBarController.swift */,
				77EAF0F51EC19A5700E016B2 /* LoginViewController.swift */,
				3FFE564B1E768E3600F00166 /* ShowEleveViewController.swift */,
				3F4FB04F1EDCE28A0003F048 /* ShowEntrepriseViewController.swift */,
				3F9E5D821E6D933300FE67BB /* TableViewController.swift */,
				3FA823CD1EBE53500087F5E9 /* EleveDetailTableViewController.swift */,
				3FA8238F1EB3AE940087F5E9 /* EntrepriseDetailTableViewController.swift */,
			);
			name = ViewControler;
			sourceTree = "<group>";
		};
		3F9E5D741E6D933300FE67BB = {
			isa = PBXGroup;
			children = (
				77EAF0F31EC1997300E016B2 /* GoogleService-Info.plist */,
				3FA8238A1E97E6630087F5E9 /* SwiftyJSON.framework */,
				3F9E5D7F1E6D933300FE67BB /* Annuaire des anciens */,
				3F9E5D7E1E6D933300FE67BB /* Products */,
				74C39FC94F4B577C6A1F5E43 /* Pods */,
				612A5EFDD1D7A37AC5C2260B /* Frameworks */,
			);
			sourceTree = "<group>";
		};
		3F9E5D7E1E6D933300FE67BB /* Products */ = {
			isa = PBXGroup;
			children = (
				3F9E5D7D1E6D933300FE67BB /* Annuaire des anciens.app */,
			);
			name = Products;
			sourceTree = "<group>";
		};
		3F9E5D7F1E6D933300FE67BB /* Annuaire des anciens */ = {
			isa = PBXGroup;
			children = (
				3F6E1C781E6F34FD007EE65C /* ViewControler */,
				3F6E1C451E6F2EFD007EE65C /* Protocols */,
				3F6E1C3E1E6F2E5D007EE65C /* DataSources */,
				3F9E5D941E6D937900FE67BB /* Models */,
				3F9E5D801E6D933300FE67BB /* AppDelegate.swift */,
				3F9E5D841E6D933300FE67BB /* Main.storyboard */,
				3F9E5D871E6D933300FE67BB /* Assets.xcassets */,
				3F9E5D891E6D933300FE67BB /* LaunchScreen.storyboard */,
				3F9E5D8C1E6D933300FE67BB /* Info.plist */,
				77EAF0F91EC19C0700E016B2 /* Annuaire des anciens-Bridging-Header.h */,
			);
			path = "Annuaire des anciens";
			sourceTree = "<group>";
		};
		3F9E5D941E6D937900FE67BB /* Models */ = {
			isa = PBXGroup;
			children = (
				3F9E5D921E6D935600FE67BB /* Eleve.swift */,
				3F9E5D951E6D939A00FE67BB /* Entreprise.swift */,
				3F9E5D971E6D93AB00FE67BB /* Promotion.swift */,
			);
			name = Models;
			sourceTree = "<group>";
		};
		612A5EFDD1D7A37AC5C2260B /* Frameworks */ = {
			isa = PBXGroup;
			children = (
				8D3C19C4B7BFF4F0C8B73AAF /* Pods_Annuaire_des_anciens.framework */,
			);
			name = Frameworks;
			sourceTree = "<group>";
		};
		74C39FC94F4B577C6A1F5E43 /* Pods */ = {
			isa = PBXGroup;
			children = (
				98289C6457D37677709E2A9B /* Pods-Annuaire des anciens.debug.xcconfig */,
				3E49C50534DEE091AC423196 /* Pods-Annuaire des anciens.release.xcconfig */,
			);
			name = Pods;
			sourceTree = "<group>";
		};
/* End PBXGroup section */

/* Begin PBXNativeTarget section */
		3F9E5D7C1E6D933300FE67BB /* Annuaire des anciens */ = {
			isa = PBXNativeTarget;
			buildConfigurationList = 3F9E5D8F1E6D933300FE67BB /* Build configuration list for PBXNativeTarget "Annuaire des anciens" */;
			buildPhases = (
				29FCD5B4A582DD9D4C9BEFC3 /* [CP] Check Pods Manifest.lock */,
				3F9E5D791E6D933300FE67BB /* Sources */,
				3F9E5D7A1E6D933300FE67BB /* Frameworks */,
				3F9E5D7B1E6D933300FE67BB /* Resources */,
				3F9144301E6F206E00E89CAA /* Embed Frameworks */,
				BFE0F9F1E37AED6EF46F44EC /* [CP] Embed Pods Frameworks */,
				B2B28BC22371444C2EA2C6FA /* [CP] Copy Pods Resources */,
			);
			buildRules = (
			);
			dependencies = (
			);
			name = "Annuaire des anciens";
			productName = "Annuaire des anciens";
			productReference = 3F9E5D7D1E6D933300FE67BB /* Annuaire des anciens.app */;
			productType = "com.apple.product-type.application";
		};
/* End PBXNativeTarget section */

/* Begin PBXProject section */
		3F9E5D751E6D933300FE67BB /* Project object */ = {
			isa = PBXProject;
			attributes = {
				LastSwiftUpdateCheck = 0800;
				LastUpgradeCheck = 0830;
				ORGANIZATIONNAME = Student;
				TargetAttributes = {
					3F9E5D7C1E6D933300FE67BB = {
						CreatedOnToolsVersion = 8.0;
						DevelopmentTeam = 8BNRNG4PCS;
						LastSwiftMigration = 0800;
						ProvisioningStyle = Automatic;
					};
				};
			};
			buildConfigurationList = 3F9E5D781E6D933300FE67BB /* Build configuration list for PBXProject "Annuaire des anciens" */;
			compatibilityVersion = "Xcode 3.2";
			developmentRegion = English;
			hasScannedForEncodings = 0;
			knownRegions = (
				en,
				Base,
			);
			mainGroup = 3F9E5D741E6D933300FE67BB;
			productRefGroup = 3F9E5D7E1E6D933300FE67BB /* Products */;
			projectDirPath = "";
			projectRoot = "";
			targets = (
				3F9E5D7C1E6D933300FE67BB /* Annuaire des anciens */,
			);
		};
/* End PBXProject section */

/* Begin PBXResourcesBuildPhase section */
		3F9E5D7B1E6D933300FE67BB /* Resources */ = {
			isa = PBXResourcesBuildPhase;
			buildActionMask = 2147483647;
			files = (
				3F9E5D8B1E6D933300FE67BB /* LaunchScreen.storyboard in Resources */,
				77EAF0F41EC1997300E016B2 /* GoogleService-Info.plist in Resources */,
				3F9E5D881E6D933300FE67BB /* Assets.xcassets in Resources */,
				3F9E5D861E6D933300FE67BB /* Main.storyboard in Resources */,
			);
			runOnlyForDeploymentPostprocessing = 0;
		};
/* End PBXResourcesBuildPhase section */

/* Begin PBXShellScriptBuildPhase section */
		29FCD5B4A582DD9D4C9BEFC3 /* [CP] Check Pods Manifest.lock */ = {
			isa = PBXShellScriptBuildPhase;
			buildActionMask = 2147483647;
			files = (
			);
			inputPaths = (
			);
			name = "[CP] Check Pods Manifest.lock";
			outputPaths = (
			);
			runOnlyForDeploymentPostprocessing = 0;
			shellPath = /bin/sh;
			shellScript = "diff \"${PODS_ROOT}/../Podfile.lock\" \"${PODS_ROOT}/Manifest.lock\" > /dev/null\nif [ $? != 0 ] ; then\n    # print error to STDERR\n    echo \"error: The sandbox is not in sync with the Podfile.lock. Run 'pod install' or update your CocoaPods installation.\" >&2\n    exit 1\nfi\n";
			showEnvVarsInLog = 0;
		};
		B2B28BC22371444C2EA2C6FA /* [CP] Copy Pods Resources */ = {
			isa = PBXShellScriptBuildPhase;
			buildActionMask = 2147483647;
			files = (
			);
			inputPaths = (
			);
			name = "[CP] Copy Pods Resources";
			outputPaths = (
			);
			runOnlyForDeploymentPostprocessing = 0;
			shellPath = /bin/sh;
			shellScript = "\"${SRCROOT}/Pods/Target Support Files/Pods-Annuaire des anciens/Pods-Annuaire des anciens-resources.sh\"\n";
			showEnvVarsInLog = 0;
		};
		BFE0F9F1E37AED6EF46F44EC /* [CP] Embed Pods Frameworks */ = {
			isa = PBXShellScriptBuildPhase;
			buildActionMask = 2147483647;
			files = (
			);
			inputPaths = (
			);
			name = "[CP] Embed Pods Frameworks";
			outputPaths = (
			);
			runOnlyForDeploymentPostprocessing = 0;
			shellPath = /bin/sh;
			shellScript = "\"${SRCROOT}/Pods/Target Support Files/Pods-Annuaire des anciens/Pods-Annuaire des anciens-frameworks.sh\"\n";
			showEnvVarsInLog = 0;
		};
/* End PBXShellScriptBuildPhase section */

/* Begin PBXSourcesBuildPhase section */
		3F9E5D791E6D933300FE67BB /* Sources */ = {
			isa = PBXSourcesBuildPhase;
			buildActionMask = 2147483647;
			files = (
				77EAF0FC1EC1C3CF00E016B2 /* Annuaire des anciens-Bridging-Header.h in Sources */,
				77EAF0F61EC19A5700E016B2 /* LoginViewController.swift in Sources */,
				770B22521EDC06B20042712C /* CustomTabBarController.swift in Sources */,
				3F6E1C471E6F2F19007EE65C /* DataSourceProtocol.swift in Sources */,
				3FA823CE1EBE53500087F5E9 /* EleveDetailTableViewController.swift in Sources */,
				3F6E1C421E6F2ECC007EE65C /* DSEntreprises.swift in Sources */,
				3F4FB0501EDCE28A0003F048 /* ShowEntrepriseViewController.swift in Sources */,
				3F9E5D961E6D939A00FE67BB /* Entreprise.swift in Sources */,
				3FA823901EB3AE940087F5E9 /* EntrepriseDetailTableViewController.swift in Sources */,
				3FFE564C1E768E3600F00166 /* ShowEleveViewController.swift in Sources */,
				3F9E5D831E6D933300FE67BB /* TableViewController.swift in Sources */,
				3F9E5D981E6D93AB00FE67BB /* Promotion.swift in Sources */,
				3F6E1C401E6F2EA2007EE65C /* DSEleves.swift in Sources */,
				3F9E5D811E6D933300FE67BB /* AppDelegate.swift in Sources */,
				3F9E5D931E6D935600FE67BB /* Eleve.swift in Sources */,
			);
			runOnlyForDeploymentPostprocessing = 0;
		};
/* End PBXSourcesBuildPhase section */

/* Begin PBXVariantGroup section */
		3F9E5D841E6D933300FE67BB /* Main.storyboard */ = {
			isa = PBXVariantGroup;
			children = (
				3F9E5D851E6D933300FE67BB /* Base */,
			);
			name = Main.storyboard;
			sourceTree = "<group>";
		};
		3F9E5D891E6D933300FE67BB /* LaunchScreen.storyboard */ = {
			isa = PBXVariantGroup;
			children = (
				3F9E5D8A1E6D933300FE67BB /* Base */,
			);
			name = LaunchScreen.storyboard;
			sourceTree = "<group>";
		};
/* End PBXVariantGroup section */

/* Begin XCBuildConfiguration section */
		3F9E5D8D1E6D933300FE67BB /* Debug */ = {
			isa = XCBuildConfiguration;
			buildSettings = {
				ALWAYS_SEARCH_USER_PATHS = NO;
				CLANG_ANALYZER_NONNULL = YES;
				CLANG_CXX_LANGUAGE_STANDARD = "gnu++0x";
				CLANG_CXX_LIBRARY = "libc++";
				CLANG_ENABLE_MODULES = YES;
				CLANG_ENABLE_OBJC_ARC = YES;
				CLANG_WARN_BOOL_CONVERSION = YES;
				CLANG_WARN_CONSTANT_CONVERSION = YES;
				CLANG_WARN_DIRECT_OBJC_ISA_USAGE = YES_ERROR;
				CLANG_WARN_DOCUMENTATION_COMMENTS = YES;
				CLANG_WARN_EMPTY_BODY = YES;
				CLANG_WARN_ENUM_CONVERSION = YES;
				CLANG_WARN_INFINITE_RECURSION = YES;
				CLANG_WARN_INT_CONVERSION = YES;
				CLANG_WARN_OBJC_ROOT_CLASS = YES_ERROR;
				CLANG_WARN_SUSPICIOUS_MOVE = YES;
				CLANG_WARN_SUSPICIOUS_MOVES = YES;
				CLANG_WARN_UNREACHABLE_CODE = YES;
				CLANG_WARN__DUPLICATE_METHOD_MATCH = YES;
				"CODE_SIGN_IDENTITY[sdk=iphoneos*]" = "iPhone Developer";
				COPY_PHASE_STRIP = NO;
				DEBUG_INFORMATION_FORMAT = dwarf;
				ENABLE_STRICT_OBJC_MSGSEND = YES;
				ENABLE_TESTABILITY = YES;
				GCC_C_LANGUAGE_STANDARD = gnu99;
				GCC_DYNAMIC_NO_PIC = NO;
				GCC_NO_COMMON_BLOCKS = YES;
				GCC_OPTIMIZATION_LEVEL = 0;
				GCC_PREPROCESSOR_DEFINITIONS = (
					"DEBUG=1",
					"$(inherited)",
				);
				GCC_WARN_64_TO_32_BIT_CONVERSION = YES;
				GCC_WARN_ABOUT_RETURN_TYPE = YES_ERROR;
				GCC_WARN_UNDECLARED_SELECTOR = YES;
				GCC_WARN_UNINITIALIZED_AUTOS = YES_AGGRESSIVE;
				GCC_WARN_UNUSED_FUNCTION = YES;
				GCC_WARN_UNUSED_VARIABLE = YES;
				IPHONEOS_DEPLOYMENT_TARGET = 10.0;
				MTL_ENABLE_DEBUG_INFO = YES;
				ONLY_ACTIVE_ARCH = YES;
				SDKROOT = iphoneos;
				SWIFT_ACTIVE_COMPILATION_CONDITIONS = DEBUG;
				SWIFT_OPTIMIZATION_LEVEL = "-Onone";
				TARGETED_DEVICE_FAMILY = "1,2";
			};
			name = Debug;
		};
		3F9E5D8E1E6D933300FE67BB /* Release */ = {
			isa = XCBuildConfiguration;
			buildSettings = {
				ALWAYS_SEARCH_USER_PATHS = NO;
				CLANG_ANALYZER_NONNULL = YES;
				CLANG_CXX_LANGUAGE_STANDARD = "gnu++0x";
				CLANG_CXX_LIBRARY = "libc++";
				CLANG_ENABLE_MODULES = YES;
				CLANG_ENABLE_OBJC_ARC = YES;
				CLANG_WARN_BOOL_CONVERSION = YES;
				CLANG_WARN_CONSTANT_CONVERSION = YES;
				CLANG_WARN_DIRECT_OBJC_ISA_USAGE = YES_ERROR;
				CLANG_WARN_DOCUMENTATION_COMMENTS = YES;
				CLANG_WARN_EMPTY_BODY = YES;
				CLANG_WARN_ENUM_CONVERSION = YES;
				CLANG_WARN_INFINITE_RECURSION = YES;
				CLANG_WARN_INT_CONVERSION = YES;
				CLANG_WARN_OBJC_ROOT_CLASS = YES_ERROR;
				CLANG_WARN_SUSPICIOUS_MOVE = YES;
				CLANG_WARN_SUSPICIOUS_MOVES = YES;
				CLANG_WARN_UNREACHABLE_CODE = YES;
				CLANG_WARN__DUPLICATE_METHOD_MATCH = YES;
				"CODE_SIGN_IDENTITY[sdk=iphoneos*]" = "iPhone Developer";
				COPY_PHASE_STRIP = NO;
				DEBUG_INFORMATION_FORMAT = "dwarf-with-dsym";
				ENABLE_NS_ASSERTIONS = NO;
				ENABLE_STRICT_OBJC_MSGSEND = YES;
				GCC_C_LANGUAGE_STANDARD = gnu99;
				GCC_NO_COMMON_BLOCKS = YES;
				GCC_WARN_64_TO_32_BIT_CONVERSION = YES;
				GCC_WARN_ABOUT_RETURN_TYPE = YES_ERROR;
				GCC_WARN_UNDECLARED_SELECTOR = YES;
				GCC_WARN_UNINITIALIZED_AUTOS = YES_AGGRESSIVE;
				GCC_WARN_UNUSED_FUNCTION = YES;
				GCC_WARN_UNUSED_VARIABLE = YES;
				IPHONEOS_DEPLOYMENT_TARGET = 10.0;
				MTL_ENABLE_DEBUG_INFO = NO;
				SDKROOT = iphoneos;
				SWIFT_OPTIMIZATION_LEVEL = "-Owholemodule";
				TARGETED_DEVICE_FAMILY = "1,2";
				VALIDATE_PRODUCT = YES;
			};
			name = Release;
		};
		3F9E5D901E6D933300FE67BB /* Debug */ = {
			isa = XCBuildConfiguration;
			baseConfigurationReference = 98289C6457D37677709E2A9B /* Pods-Annuaire des anciens.debug.xcconfig */;
			buildSettings = {
				ALWAYS_EMBED_SWIFT_STANDARD_LIBRARIES = YES;
				ASSETCATALOG_COMPILER_APPICON_NAME = AppIcon;
				CLANG_ENABLE_MODULES = YES;
				DEVELOPMENT_TEAM = 8BNRNG4PCS;
				FRAMEWORK_SEARCH_PATHS = (
					"$(inherited)",
					"$(PROJECT_DIR)/Carthage/Build/iOS",
				);
				INFOPLIST_FILE = "Annuaire des anciens/Info.plist";
				LD_RUNPATH_SEARCH_PATHS = "$(inherited) @executable_path/Frameworks";
				PRODUCT_BUNDLE_IDENTIFIER = "Imerir.Annuaire-des-anciens";
				PRODUCT_NAME = "$(TARGET_NAME)";
				SWIFT_OBJC_BRIDGING_HEADER = "Annuaire des anciens/Annuaire des anciens-Bridging-Header.h";
				SWIFT_OPTIMIZATION_LEVEL = "-Onone";
				SWIFT_VERSION = 3.0;
			};
			name = Debug;
		};
		3F9E5D911E6D933300FE67BB /* Release */ = {
			isa = XCBuildConfiguration;
			baseConfigurationReference = 3E49C50534DEE091AC423196 /* Pods-Annuaire des anciens.release.xcconfig */;
			buildSettings = {
				ALWAYS_EMBED_SWIFT_STANDARD_LIBRARIES = YES;
				ASSETCATALOG_COMPILER_APPICON_NAME = AppIcon;
				CLANG_ENABLE_MODULES = YES;
				DEVELOPMENT_TEAM = 8BNRNG4PCS;
				FRAMEWORK_SEARCH_PATHS = (
					"$(inherited)",
					"$(PROJECT_DIR)/Carthage/Build/iOS",
				);
				INFOPLIST_FILE = "Annuaire des anciens/Info.plist";
				LD_RUNPATH_SEARCH_PATHS = "$(inherited) @executable_path/Frameworks";
				PRODUCT_BUNDLE_IDENTIFIER = "Imerir.Annuaire-des-anciens";
				PRODUCT_NAME = "$(TARGET_NAME)";
				SWIFT_OBJC_BRIDGING_HEADER = "Annuaire des anciens/Annuaire des anciens-Bridging-Header.h";
				SWIFT_VERSION = 3.0;
			};
			name = Release;
		};
/* End XCBuildConfiguration section */

/* Begin XCConfigurationList section */
		3F9E5D781E6D933300FE67BB /* Build configuration list for PBXProject "Annuaire des anciens" */ = {
			isa = XCConfigurationList;
			buildConfigurations = (
				3F9E5D8D1E6D933300FE67BB /* Debug */,
				3F9E5D8E1E6D933300FE67BB /* Release */,
			);
			defaultConfigurationIsVisible = 0;
			defaultConfigurationName = Release;
		};
		3F9E5D8F1E6D933300FE67BB /* Build configuration list for PBXNativeTarget "Annuaire des anciens" */ = {
			isa = XCConfigurationList;
			buildConfigurations = (
				3F9E5D901E6D933300FE67BB /* Debug */,
				3F9E5D911E6D933300FE67BB /* Release */,
			);
			defaultConfigurationIsVisible = 0;
			defaultConfigurationName = Release;
		};
/* End XCConfigurationList section */
	};
	rootObject = 3F9E5D751E6D933300FE67BB /* Project object */;
}
