// !$*UTF8*$!
{
	archiveVersion = 1;
	classes = {
	};
	objectVersion = 46;
	objects = {

/* Begin PBXBuildFile section */
		3F9E5D811E6D933300FE67BB /* AppDelegate.swift in Sources */ = {isa = PBXBuildFile; fileRef = 3F9E5D801E6D933300FE67BB /* AppDelegate.swift */; };
		3F9E5D831E6D933300FE67BB /* ViewController.swift in Sources */ = {isa = PBXBuildFile; fileRef = 3F9E5D821E6D933300FE67BB /* ViewController.swift */; };
		3F9E5D861E6D933300FE67BB /* Main.storyboard in Resources */ = {isa = PBXBuildFile; fileRef = 3F9E5D841E6D933300FE67BB /* Main.storyboard */; };
		3F9E5D881E6D933300FE67BB /* Assets.xcassets in Resources */ = {isa = PBXBuildFile; fileRef = 3F9E5D871E6D933300FE67BB /* Assets.xcassets */; };
		3F9E5D8B1E6D933300FE67BB /* LaunchScreen.storyboard in Resources */ = {isa = PBXBuildFile; fileRef = 3F9E5D891E6D933300FE67BB /* LaunchScreen.storyboard */; };
/* End PBXBuildFile section */

/* Begin PBXFileReference section */
		3F9E5D7D1E6D933300FE67BB /* Annuaire des anciens.app */ = {isa = PBXFileReference; explicitFileType = wrapper.application; includeInIndex = 0; path = "Annuaire des anciens.app"; sourceTree = BUILT_PRODUCTS_DIR; };
		3F9E5D801E6D933300FE67BB /* AppDelegate.swift */ = {isa = PBXFileReference; lastKnownFileType = sourcecode.swift; path = AppDelegate.swift; sourceTree = "<group>"; };
		3F9E5D821E6D933300FE67BB /* ViewController.swift */ = {isa = PBXFileReference; lastKnownFileType = sourcecode.swift; path = ViewController.swift; sourceTree = "<group>"; };
		3F9E5D851E6D933300FE67BB /* Base */ = {isa = PBXFileReference; lastKnownFileType = file.storyboard; name = Base; path = Base.lproj/Main.storyboard; sourceTree = "<group>"; };
		3F9E5D871E6D933300FE67BB /* Assets.xcassets */ = {isa = PBXFileReference; lastKnownFileType = folder.assetcatalog; path = Assets.xcassets; sourceTree = "<group>"; };
		3F9E5D8A1E6D933300FE67BB /* Base */ = {isa = PBXFileReference; lastKnownFileType = file.storyboard; name = Base; path = Base.lproj/LaunchScreen.storyboard; sourceTree = "<group>"; };
		3F9E5D8C1E6D933300FE67BB /* Info.plist */ = {isa = PBXFileReference; lastKnownFileType = text.plist.xml; path = Info.plist; sourceTree = "<group>"; };
/* End PBXFileReference section */

/* Begin PBXFrameworksBuildPhase section */
		3F9E5D7A1E6D933300FE67BB /* Frameworks */ = {
			isa = PBXFrameworksBuildPhase;
			buildActionMask = 2147483647;
			files = (
			);
			runOnlyForDeploymentPostprocessing = 0;
		};
/* End PBXFrameworksBuildPhase section */

/* Begin PBXGroup section */
		3F9E5D741E6D933300FE67BB = {
			isa = PBXGroup;
			children = (
				3F9E5D7F1E6D933300FE67BB /* Annuaire des anciens */,
				3F9E5D7E1E6D933300FE67BB /* Products */,
			);
			sourceTree = "<group>";
		};
		3F9E5D7E1E6D933300FE67BB /* Products */ = {
			isa = PBXGroup;
			children = (
				3F9E5D7D1E6D933300FE67BB /* Annuaire des anciens.app */,
			);
			name = Products;
			sourceTree = "<group>";
		};
		3F9E5D7F1E6D933300FE67BB /* Annuaire des anciens */ = {
			isa = PBXGroup;
			children = (
				3F9E5D801E6D933300FE67BB /* AppDelegate.swift */,
				3F9E5D821E6D933300FE67BB /* ViewController.swift */,
				3F9E5D841E6D933300FE67BB /* Main.storyboard */,
				3F9E5D871E6D933300FE67BB /* Assets.xcassets */,
				3F9E5D891E6D933300FE67BB /* LaunchScreen.storyboard */,
				3F9E5D8C1E6D933300FE67BB /* Info.plist */,
			);
			path = "Annuaire des anciens";
			sourceTree = "<group>";
		};
/* End PBXGroup section */

/* Begin PBXNativeTarget section */
		3F9E5D7C1E6D933300FE67BB /* Annuaire des anciens */ = {
			isa = PBXNativeTarget;
			buildConfigurationList = 3F9E5D8F1E6D933300FE67BB /* Build configuration list for PBXNativeTarget "Annuaire des anciens" */;
			buildPhases = (
				3F9E5D791E6D933300FE67BB /* Sources */,
				3F9E5D7A1E6D933300FE67BB /* Frameworks */,
				3F9E5D7B1E6D933300FE67BB /* Resources */,
			);
			buildRules = (
			);
			dependencies = (
			);
			name = "Annuaire des anciens";
			productName = "Annuaire des anciens";
			productReference = 3F9E5D7D1E6D933300FE67BB /* Annuaire des anciens.app */;
			productType = "com.apple.product-type.application";
		};
/* End PBXNativeTarget section */

/* Begin PBXProject section */
		3F9E5D751E6D933300FE67BB /* Project object */ = {
			isa = PBXProject;
			attributes = {
				LastSwiftUpdateCheck = 0800;
				LastUpgradeCheck = 0800;
				ORGANIZATIONNAME = Student;
				TargetAttributes = {
					3F9E5D7C1E6D933300FE67BB = {
						CreatedOnToolsVersion = 8.0;
						ProvisioningStyle = Automatic;
					};
				};
			};
			buildConfigurationList = 3F9E5D781E6D933300FE67BB /* Build configuration list for PBXProject "Annuaire des anciens" */;
			compatibilityVersion = "Xcode 3.2";
			developmentRegion = English;
			hasScannedForEncodings = 0;
			knownRegions = (
				en,
				Base,
			);
			mainGroup = 3F9E5D741E6D933300FE67BB;
			productRefGroup = 3F9E5D7E1E6D933300FE67BB /* Products */;
			projectDirPath = "";
			projectRoot = "";
			targets = (
				3F9E5D7C1E6D933300FE67BB /* Annuaire des anciens */,
			);
		};
/* End PBXProject section */

/* Begin PBXResourcesBuildPhase section */
		3F9E5D7B1E6D933300FE67BB /* Resources */ = {
			isa = PBXResourcesBuildPhase;
			buildActionMask = 2147483647;
			files = (
				3F9E5D8B1E6D933300FE67BB /* LaunchScreen.storyboard in Resources */,
				3F9E5D881E6D933300FE67BB /* Assets.xcassets in Resources */,
				3F9E5D861E6D933300FE67BB /* Main.storyboard in Resources */,
			);
			runOnlyForDeploymentPostprocessing = 0;
		};
/* End PBXResourcesBuildPhase section */

/* Begin PBXSourcesBuildPhase section */
		3F9E5D791E6D933300FE67BB /* Sources */ = {
			isa = PBXSourcesBuildPhase;
			buildActionMask = 2147483647;
			files = (
				3F9E5D831E6D933300FE67BB /* ViewController.swift in Sources */,
				3F9E5D811E6D933300FE67BB /* AppDelegate.swift in Sources */,
			);
			runOnlyForDeploymentPostprocessing = 0;
		};
/* End PBXSourcesBuildPhase section */

/* Begin PBXVariantGroup section */
		3F9E5D841E6D933300FE67BB /* Main.storyboard */ = {
			isa = PBXVariantGroup;
			children = (
				3F9E5D851E6D933300FE67BB /* Base */,
			);
			name = Main.storyboard;
			sourceTree = "<group>";
		};
		3F9E5D891E6D933300FE67BB /* LaunchScreen.storyboard */ = {
			isa = PBXVariantGroup;
			children = (
				3F9E5D8A1E6D933300FE67BB /* Base */,
			);
			name = LaunchScreen.storyboard;
			sourceTree = "<group>";
		};
/* End PBXVariantGroup section */

/* Begin XCBuildConfiguration section */
		3F9E5D8D1E6D933300FE67BB /* Debug */ = {
			isa = XCBuildConfiguration;
			buildSettings = {
				ALWAYS_SEARCH_USER_PATHS = NO;
				CLANG_ANALYZER_NONNULL = YES;
				CLANG_CXX_LANGUAGE_STANDARD = "gnu++0x";
				CLANG_CXX_LIBRARY = "libc++";
				CLANG_ENABLE_MODULES = YES;
				CLANG_ENABLE_OBJC_ARC = YES;
				CLANG_WARN_BOOL_CONVERSION = YES;
				CLANG_WARN_CONSTANT_CONVERSION = YES;
				CLANG_WARN_DIRECT_OBJC_ISA_USAGE = YES_ERROR;
				CLANG_WARN_DOCUMENTATION_COMMENTS = YES;
				CLANG_WARN_EMPTY_BODY = YES;
				CLANG_WARN_ENUM_CONVERSION = YES;
				CLANG_WARN_INFINITE_RECURSION = YES;
				CLANG_WARN_INT_CONVERSION = YES;
				CLANG_WARN_OBJC_ROOT_CLASS = YES_ERROR;
				CLANG_WARN_SUSPICIOUS_MOVES = YES;
				CLANG_WARN_UNREACHABLE_CODE = YES;
				CLANG_WARN__DUPLICATE_METHOD_MATCH = YES;
				"CODE_SIGN_IDENTITY[sdk=iphoneos*]" = "iPhone Developer";
				COPY_PHASE_STRIP = NO;
				DEBUG_INFORMATION_FORMAT = dwarf;
				ENABLE_STRICT_OBJC_MSGSEND = YES;
				ENABLE_TESTABILITY = YES;
				GCC_C_LANGUAGE_STANDARD = gnu99;
				GCC_DYNAMIC_NO_PIC = NO;
				GCC_NO_COMMON_BLOCKS = YES;
				GCC_OPTIMIZATION_LEVEL = 0;
				GCC_PREPROCESSOR_DEFINITIONS = (
					"DEBUG=1",
					"$(inherited)",
				);
				GCC_WARN_64_TO_32_BIT_CONVERSION = YES;
				GCC_WARN_ABOUT_RETURN_TYPE = YES_ERROR;
				GCC_WARN_UNDECLARED_SELECTOR = YES;
				GCC_WARN_UNINITIALIZED_AUTOS = YES_AGGRESSIVE;
				GCC_WARN_UNUSED_FUNCTION = YES;
				GCC_WARN_UNUSED_VARIABLE = YES;
				IPHONEOS_DEPLOYMENT_TARGET = 10.0;
				MTL_ENABLE_DEBUG_INFO = YES;
				ONLY_ACTIVE_ARCH = YES;
				SDKROOT = iphoneos;
				SWIFT_ACTIVE_COMPILATION_CONDITIONS = DEBUG;
				SWIFT_OPTIMIZATION_LEVEL = "-Onone";
				TARGETED_DEVICE_FAMILY = "1,2";
			};
			name = Debug;
		};
		3F9E5D8E1E6D933300FE67BB /* Release */ = {
			isa = XCBuildConfiguration;
			buildSettings = {
				ALWAYS_SEARCH_USER_PATHS = NO;
				CLANG_ANALYZER_NONNULL = YES;
				CLANG_CXX_LANGUAGE_STANDARD = "gnu++0x";
				CLANG_CXX_LIBRARY = "libc++";
				CLANG_ENABLE_MODULES = YES;
				CLANG_ENABLE_OBJC_ARC = YES;
				CLANG_WARN_BOOL_CONVERSION = YES;
				CLANG_WARN_CONSTANT_CONVERSION = YES;
				CLANG_WARN_DIRECT_OBJC_ISA_USAGE = YES_ERROR;
				CLANG_WARN_DOCUMENTATION_COMMENTS = YES;
				CLANG_WARN_EMPTY_BODY = YES;
				CLANG_WARN_ENUM_CONVERSION = YES;
				CLANG_WARN_INFINITE_RECURSION = YES;
				CLANG_WARN_INT_CONVERSION = YES;
				CLANG_WARN_OBJC_ROOT_CLASS = YES_ERROR;
				CLANG_WARN_SUSPICIOUS_MOVES = YES;
				CLANG_WARN_UNREACHABLE_CODE = YES;
				CLANG_WARN__DUPLICATE_METHOD_MATCH = YES;
				"CODE_SIGN_IDENTITY[sdk=iphoneos*]" = "iPhone Developer";
				COPY_PHASE_STRIP = NO;
				DEBUG_INFORMATION_FORMAT = "dwarf-with-dsym";
				ENABLE_NS_ASSERTIONS = NO;
				ENABLE_STRICT_OBJC_MSGSEND = YES;
				GCC_C_LANGUAGE_STANDARD = gnu99;
				GCC_NO_COMMON_BLOCKS = YES;
				GCC_WARN_64_TO_32_BIT_CONVERSION = YES;
				GCC_WARN_ABOUT_RETURN_TYPE = YES_ERROR;
				GCC_WARN_UNDECLARED_SELECTOR = YES;
				GCC_WARN_UNINITIALIZED_AUTOS = YES_AGGRESSIVE;
				GCC_WARN_UNUSED_FUNCTION = YES;
				GCC_WARN_UNUSED_VARIABLE = YES;
				IPHONEOS_DEPLOYMENT_TARGET = 10.0;
				MTL_ENABLE_DEBUG_INFO = NO;
				SDKROOT = iphoneos;
				SWIFT_OPTIMIZATION_LEVEL = "-Owholemodule";
				TARGETED_DEVICE_FAMILY = "1,2";
				VALIDATE_PRODUCT = YES;
			};
			name = Release;
		};
		3F9E5D901E6D933300FE67BB /* Debug */ = {
			isa = XCBuildConfiguration;
			buildSettings = {
				ASSETCATALOG_COMPILER_APPICON_NAME = AppIcon;
				INFOPLIST_FILE = "Annuaire des anciens/Info.plist";
				LD_RUNPATH_SEARCH_PATHS = "$(inherited) @executable_path/Frameworks";
				PRODUCT_BUNDLE_IDENTIFIER = "Imerir.Annuaire-des-anciens";
				PRODUCT_NAME = "$(TARGET_NAME)";
				SWIFT_VERSION = 3.0;
			};
			name = Debug;
		};
		3F9E5D911E6D933300FE67BB /* Release */ = {
			isa = XCBuildConfiguration;
			buildSettings = {
				ASSETCATALOG_COMPILER_APPICON_NAME = AppIcon;
				INFOPLIST_FILE = "Annuaire des anciens/Info.plist";
				LD_RUNPATH_SEARCH_PATHS = "$(inherited) @executable_path/Frameworks";
				PRODUCT_BUNDLE_IDENTIFIER = "Imerir.Annuaire-des-anciens";
				PRODUCT_NAME = "$(TARGET_NAME)";
				SWIFT_VERSION = 3.0;
			};
			name = Release;
		};
/* End XCBuildConfiguration section */

/* Begin XCConfigurationList section */
		3F9E5D781E6D933300FE67BB /* Build configuration list for PBXProject "Annuaire des anciens" */ = {
			isa = XCConfigurationList;
			buildConfigurations = (
				3F9E5D8D1E6D933300FE67BB /* Debug */,
				3F9E5D8E1E6D933300FE67BB /* Release */,
			);
			defaultConfigurationIsVisible = 0;
			defaultConfigurationName = Release;
		};
		3F9E5D8F1E6D933300FE67BB /* Build configuration list for PBXNativeTarget "Annuaire des anciens" */ = {
			isa = XCConfigurationList;
			buildConfigurations = (
				3F9E5D901E6D933300FE67BB /* Debug */,
				3F9E5D911E6D933300FE67BB /* Release */,
			);
			defaultConfigurationIsVisible = 0;
		};
/* End XCConfigurationList section */
	};
	rootObject = 3F9E5D751E6D933300FE67BB /* Project object */;
}
